{
    "_readme": [
        "This file locks the dependencies of your project to a known state",
        "Read more about it at https://getcomposer.org/doc/01-basic-usage.md#composer-lock-the-lock-file",
        "This file is @generated automatically"
    ],
    "hash": "46330e7d77e69c360a3050a63c3d9873",
    "content-hash": "f0050c49b048f2e5968d90c1de9bd3e7",
    "packages": [
        {
            "name": "diversen/php-prg-pattern",
            "version": "dev-master",
            "source": {
                "type": "git",
                "url": "https://github.com/diversen/php-prg-pattern.git",
                "reference": "a0400d3cbf451a26bc9ece2c64216e0ee03ac4aa"
            },
            "dist": {
                "type": "zip",
                "url": "https://api.github.com/repos/diversen/php-prg-pattern/zipball/a0400d3cbf451a26bc9ece2c64216e0ee03ac4aa",
                "reference": "a0400d3cbf451a26bc9ece2c64216e0ee03ac4aa",
                "shasum": ""
            },
            "require": {
                "php": ">=5.3.0"
            },
            "type": "library",
            "extra": {
                "branch-alias": {
                    "dev-master": "1.0-dev"
                }
            },
            "autoload": {
                "psr-4": {
                    "diversen\\": ""
                }
            },
            "notification-url": "https://packagist.org/downloads/",
            "license": [
                "MIT"
            ],
            "authors": [
                {
                    "name": "Dennis Iversen",
                    "email": "dennis.iversen@gmail.com"
                }
            ],
            "description": "A simple implementation of the PRG pattern in PHP",
            "homepage": "https://github.com/diversen/php-prg-pattern",
            "keywords": [
                "http",
                "prg"
            ],
            "time": "2016-11-21 17:14:00"
        }
    ],
    "packages-dev": [],
    "aliases": [],
    "minimum-stability": "stable",
    "stability-flags": {
        "diversen/php-prg-pattern": 20
    },
    "prefer-stable": false,
    "prefer-lowest": false,
    "platform": [],
    "platform-dev": []
}
